
Microsoft Visual Studio Solution File, Format Version 12.00
Project("{FAE04EC0-301F-11D3-BF4B-00C04F79EFBC}") = "ConvertNumbersApp", "ConvertNumbersApp\ConvertNumbersApp.csproj", "{BA5E6E4A-626D-4CAE-B776-0DC880DF9526}"
EndProject
Global
	GlobalSection(SolutionConfigurationPlatforms) = preSolution
		Debug|Any CPU = Debug|Any CPU
		Release|Any CPU = Release|Any CPU
	EndGlobalSection
	GlobalSection(ProjectConfigurationPlatforms) = postSolution
		{BA5E6E4A-626D-4CAE-B776-0DC880DF9526}.Debug|Any CPU.ActiveCfg = Debug|Any CPU
		{BA5E6E4A-626D-4CAE-B776-0DC880DF9526}.Debug|Any CPU.Build.0 = Debug|Any CPU
		{BA5E6E4A-626D-4CAE-B776-0DC880DF9526}.Release|Any CPU.ActiveCfg = Release|Any CPU
		{BA5E6E4A-626D-4CAE-B776-0DC880DF9526}.Release|Any CPU.Build.0 = Release|Any CPU
	EndGlobalSection
EndGlobal
